
Microsoft Visual Studio Solution File, Format Version 12.00
# Visual Studio 15
VisualStudioVersion = 15.0.28307.960
MinimumVisualStudioVersion = 10.0.40219.1
Project("{8BC9CEB8-8B4A-11D0-8D11-00A0C91BC942}") = "ALL_BUILD", "ALL_BUILD.vcxproj", "{9880944D-653A-376C-ABE6-908DAD70509D}"
	ProjectSection(ProjectDependencies) = postProject
		{EB757A6E-2532-32F8-94A5-289D89AAB737} = {EB757A6E-2532-32F8-94A5-289D89AAB737}
		{59909462-CF64-3460-8F42-7BE72CF692D9} = {59909462-CF64-3460-8F42-7BE72CF692D9}
		{73B7F178-7F09-36A0-AF7D-16A849C2A1AE} = {73B7F178-7F09-36A0-AF7D-16A849C2A1AE}
		{48C6E364-0726-3438-9C8F-9CD5EC5DB436} = {48C6E364-0726-3438-9C8F-9CD5EC5DB436}
		{D0813E9B-0A96-3291-9476-5FF78AA00313} = {D0813E9B-0A96-3291-9476-5FF78AA00313}
	EndProjectSection
EndProject
Project("{8BC9CEB8-8B4A-11D0-8D11-00A0C91BC942}") = "INSTALL", "INSTALL.vcxproj", "{53EDB55D-BF2F-323B-A380-24990F918DA2}"
	ProjectSection(ProjectDependencies) = postProject
		{9880944D-653A-376C-ABE6-908DAD70509D} = {9880944D-653A-376C-ABE6-908DAD70509D}
		{EB757A6E-2532-32F8-94A5-289D89AAB737} = {EB757A6E-2532-32F8-94A5-289D89AAB737}
	EndProjectSection
EndProject
Project("{8BC9CEB8-8B4A-11D0-8D11-00A0C91BC942}") = "MotorControllerUnitModule_generated_sources", "MotorControllerUnitModule_generated_sources.vcxproj", "{F69BB375-E4BA-3AD9-A872-AD368B6DAC50}"
	ProjectSection(ProjectDependencies) = postProject
		{EB757A6E-2532-32F8-94A5-289D89AAB737} = {EB757A6E-2532-32F8-94A5-289D89AAB737}
	EndProjectSection
EndProject
Project("{8BC9CEB8-8B4A-11D0-8D11-00A0C91BC942}") = "ZERO_CHECK", "ZERO_CHECK.vcxproj", "{EB757A6E-2532-32F8-94A5-289D89AAB737}"
EndProject
Project("{8BC9CEB8-8B4A-11D0-8D11-00A0C91BC942}") = "controller", "controller.vcxproj", "{59909462-CF64-3460-8F42-7BE72CF692D9}"
	ProjectSection(ProjectDependencies) = postProject
		{EB757A6E-2532-32F8-94A5-289D89AAB737} = {EB757A6E-2532-32F8-94A5-289D89AAB737}
		{73B7F178-7F09-36A0-AF7D-16A849C2A1AE} = {73B7F178-7F09-36A0-AF7D-16A849C2A1AE}
		{48C6E364-0726-3438-9C8F-9CD5EC5DB436} = {48C6E364-0726-3438-9C8F-9CD5EC5DB436}
	EndProjectSection
EndProject
Project("{8BC9CEB8-8B4A-11D0-8D11-00A0C91BC942}") = "datamodel", "datamodel.vcxproj", "{73B7F178-7F09-36A0-AF7D-16A849C2A1AE}"
	ProjectSection(ProjectDependencies) = postProject
		{EB757A6E-2532-32F8-94A5-289D89AAB737} = {EB757A6E-2532-32F8-94A5-289D89AAB737}
	EndProjectSection
EndProject
Project("{8BC9CEB8-8B4A-11D0-8D11-00A0C91BC942}") = "dds_entities", "dds_entities.vcxproj", "{48C6E364-0726-3438-9C8F-9CD5EC5DB436}"
	ProjectSection(ProjectDependencies) = postProject
		{EB757A6E-2532-32F8-94A5-289D89AAB737} = {EB757A6E-2532-32F8-94A5-289D89AAB737}
		{73B7F178-7F09-36A0-AF7D-16A849C2A1AE} = {73B7F178-7F09-36A0-AF7D-16A849C2A1AE}
	EndProjectSection
EndProject
Project("{8BC9CEB8-8B4A-11D0-8D11-00A0C91BC942}") = "motor", "motor.vcxproj", "{D0813E9B-0A96-3291-9476-5FF78AA00313}"
	ProjectSection(ProjectDependencies) = postProject
		{EB757A6E-2532-32F8-94A5-289D89AAB737} = {EB757A6E-2532-32F8-94A5-289D89AAB737}
		{73B7F178-7F09-36A0-AF7D-16A849C2A1AE} = {73B7F178-7F09-36A0-AF7D-16A849C2A1AE}
		{48C6E364-0726-3438-9C8F-9CD5EC5DB436} = {48C6E364-0726-3438-9C8F-9CD5EC5DB436}
	EndProjectSection
EndProject
Project("{8BC9CEB8-8B4A-11D0-8D11-00A0C91BC942}") = "rtss_code", "..\src\rtss_code\rtss_code.vcxproj", "{E0B19889-11F2-4020-9BD2-334CD98E7810}"
EndProject
Global
	GlobalSection(SolutionConfigurationPlatforms) = preSolution
		Debug|x64 = Debug|x64
		MinSizeRel|x64 = MinSizeRel|x64
		Release|x64 = Release|x64
		RelWithDebInfo|x64 = RelWithDebInfo|x64
		RtssDebug|x64 = RtssDebug|x64
		RtssRelease|x64 = RtssRelease|x64
	EndGlobalSection
	GlobalSection(ProjectConfigurationPlatforms) = postSolution
		{9880944D-653A-376C-ABE6-908DAD70509D}.Debug|x64.ActiveCfg = Debug|x64
		{9880944D-653A-376C-ABE6-908DAD70509D}.Debug|x64.Build.0 = Debug|x64
		{9880944D-653A-376C-ABE6-908DAD70509D}.MinSizeRel|x64.ActiveCfg = MinSizeRel|x64
		{9880944D-653A-376C-ABE6-908DAD70509D}.MinSizeRel|x64.Build.0 = MinSizeRel|x64
		{9880944D-653A-376C-ABE6-908DAD70509D}.Release|x64.ActiveCfg = Release|x64
		{9880944D-653A-376C-ABE6-908DAD70509D}.Release|x64.Build.0 = Release|x64
		{9880944D-653A-376C-ABE6-908DAD70509D}.RelWithDebInfo|x64.ActiveCfg = RelWithDebInfo|x64
		{9880944D-653A-376C-ABE6-908DAD70509D}.RelWithDebInfo|x64.Build.0 = RelWithDebInfo|x64
		{9880944D-653A-376C-ABE6-908DAD70509D}.RtssDebug|x64.ActiveCfg = Debug|x64
		{9880944D-653A-376C-ABE6-908DAD70509D}.RtssDebug|x64.Build.0 = Debug|x64
		{9880944D-653A-376C-ABE6-908DAD70509D}.RtssRelease|x64.ActiveCfg = Release|x64
		{9880944D-653A-376C-ABE6-908DAD70509D}.RtssRelease|x64.Build.0 = Release|x64
		{53EDB55D-BF2F-323B-A380-24990F918DA2}.Debug|x64.ActiveCfg = Debug|x64
		{53EDB55D-BF2F-323B-A380-24990F918DA2}.MinSizeRel|x64.ActiveCfg = MinSizeRel|x64
		{53EDB55D-BF2F-323B-A380-24990F918DA2}.Release|x64.ActiveCfg = Release|x64
		{53EDB55D-BF2F-323B-A380-24990F918DA2}.RelWithDebInfo|x64.ActiveCfg = RelWithDebInfo|x64
		{53EDB55D-BF2F-323B-A380-24990F918DA2}.RtssDebug|x64.ActiveCfg = Debug|x64
		{53EDB55D-BF2F-323B-A380-24990F918DA2}.RtssDebug|x64.Build.0 = Debug|x64
		{53EDB55D-BF2F-323B-A380-24990F918DA2}.RtssRelease|x64.ActiveCfg = Release|x64
		{53EDB55D-BF2F-323B-A380-24990F918DA2}.RtssRelease|x64.Build.0 = Release|x64
		{F69BB375-E4BA-3AD9-A872-AD368B6DAC50}.Debug|x64.ActiveCfg = Debug|x64
		{F69BB375-E4BA-3AD9-A872-AD368B6DAC50}.MinSizeRel|x64.ActiveCfg = MinSizeRel|x64
		{F69BB375-E4BA-3AD9-A872-AD368B6DAC50}.Release|x64.ActiveCfg = Release|x64
		{F69BB375-E4BA-3AD9-A872-AD368B6DAC50}.RelWithDebInfo|x64.ActiveCfg = RelWithDebInfo|x64
		{F69BB375-E4BA-3AD9-A872-AD368B6DAC50}.RtssDebug|x64.ActiveCfg = Debug|x64
		{F69BB375-E4BA-3AD9-A872-AD368B6DAC50}.RtssDebug|x64.Build.0 = Debug|x64
		{F69BB375-E4BA-3AD9-A872-AD368B6DAC50}.RtssRelease|x64.ActiveCfg = Release|x64
		{F69BB375-E4BA-3AD9-A872-AD368B6DAC50}.RtssRelease|x64.Build.0 = Release|x64
		{EB757A6E-2532-32F8-94A5-289D89AAB737}.Debug|x64.ActiveCfg = Debug|x64
		{EB757A6E-2532-32F8-94A5-289D89AAB737}.Debug|x64.Build.0 = Debug|x64
		{EB757A6E-2532-32F8-94A5-289D89AAB737}.MinSizeRel|x64.ActiveCfg = MinSizeRel|x64
		{EB757A6E-2532-32F8-94A5-289D89AAB737}.MinSizeRel|x64.Build.0 = MinSizeRel|x64
		{EB757A6E-2532-32F8-94A5-289D89AAB737}.Release|x64.ActiveCfg = Release|x64
		{EB757A6E-2532-32F8-94A5-289D89AAB737}.Release|x64.Build.0 = Release|x64
		{EB757A6E-2532-32F8-94A5-289D89AAB737}.RelWithDebInfo|x64.ActiveCfg = RelWithDebInfo|x64
		{EB757A6E-2532-32F8-94A5-289D89AAB737}.RelWithDebInfo|x64.Build.0 = RelWithDebInfo|x64
		{EB757A6E-2532-32F8-94A5-289D89AAB737}.RtssDebug|x64.ActiveCfg = Debug|x64
		{EB757A6E-2532-32F8-94A5-289D89AAB737}.RtssDebug|x64.Build.0 = Debug|x64
		{EB757A6E-2532-32F8-94A5-289D89AAB737}.RtssRelease|x64.ActiveCfg = Release|x64
		{EB757A6E-2532-32F8-94A5-289D89AAB737}.RtssRelease|x64.Build.0 = Release|x64
		{59909462-CF64-3460-8F42-7BE72CF692D9}.Debug|x64.ActiveCfg = Debug|x64
		{59909462-CF64-3460-8F42-7BE72CF692D9}.Debug|x64.Build.0 = Debug|x64
		{59909462-CF64-3460-8F42-7BE72CF692D9}.MinSizeRel|x64.ActiveCfg = MinSizeRel|x64
		{59909462-CF64-3460-8F42-7BE72CF692D9}.MinSizeRel|x64.Build.0 = MinSizeRel|x64
		{59909462-CF64-3460-8F42-7BE72CF692D9}.Release|x64.ActiveCfg = Release|x64
		{59909462-CF64-3460-8F42-7BE72CF692D9}.Release|x64.Build.0 = Release|x64
		{59909462-CF64-3460-8F42-7BE72CF692D9}.RelWithDebInfo|x64.ActiveCfg = RelWithDebInfo|x64
		{59909462-CF64-3460-8F42-7BE72CF692D9}.RelWithDebInfo|x64.Build.0 = RelWithDebInfo|x64
		{59909462-CF64-3460-8F42-7BE72CF692D9}.RtssDebug|x64.ActiveCfg = Debug|x64
		{59909462-CF64-3460-8F42-7BE72CF692D9}.RtssDebug|x64.Build.0 = Debug|x64
		{59909462-CF64-3460-8F42-7BE72CF692D9}.RtssRelease|x64.ActiveCfg = Release|x64
		{59909462-CF64-3460-8F42-7BE72CF692D9}.RtssRelease|x64.Build.0 = Release|x64
		{73B7F178-7F09-36A0-AF7D-16A849C2A1AE}.Debug|x64.ActiveCfg = Debug|x64
		{73B7F178-7F09-36A0-AF7D-16A849C2A1AE}.Debug|x64.Build.0 = Debug|x64
		{73B7F178-7F09-36A0-AF7D-16A849C2A1AE}.MinSizeRel|x64.ActiveCfg = MinSizeRel|x64
		{73B7F178-7F09-36A0-AF7D-16A849C2A1AE}.MinSizeRel|x64.Build.0 = MinSizeRel|x64
		{73B7F178-7F09-36A0-AF7D-16A849C2A1AE}.Release|x64.ActiveCfg = Release|x64
		{73B7F178-7F09-36A0-AF7D-16A849C2A1AE}.Release|x64.Build.0 = Release|x64
		{73B7F178-7F09-36A0-AF7D-16A849C2A1AE}.RelWithDebInfo|x64.ActiveCfg = RelWithDebInfo|x64
		{73B7F178-7F09-36A0-AF7D-16A849C2A1AE}.RelWithDebInfo|x64.Build.0 = RelWithDebInfo|x64
		{73B7F178-7F09-36A0-AF7D-16A849C2A1AE}.RtssDebug|x64.ActiveCfg = Debug|x64
		{73B7F178-7F09-36A0-AF7D-16A849C2A1AE}.RtssDebug|x64.Build.0 = Debug|x64
		{73B7F178-7F09-36A0-AF7D-16A849C2A1AE}.RtssRelease|x64.ActiveCfg = Release|x64
		{73B7F178-7F09-36A0-AF7D-16A849C2A1AE}.RtssRelease|x64.Build.0 = Release|x64
		{48C6E364-0726-3438-9C8F-9CD5EC5DB436}.Debug|x64.ActiveCfg = Debug|x64
		{48C6E364-0726-3438-9C8F-9CD5EC5DB436}.Debug|x64.Build.0 = Debug|x64
		{48C6E364-0726-3438-9C8F-9CD5EC5DB436}.MinSizeRel|x64.ActiveCfg = MinSizeRel|x64
		{48C6E364-0726-3438-9C8F-9CD5EC5DB436}.MinSizeRel|x64.Build.0 = MinSizeRel|x64
		{48C6E364-0726-3438-9C8F-9CD5EC5DB436}.Release|x64.ActiveCfg = Release|x64
		{48C6E364-0726-3438-9C8F-9CD5EC5DB436}.Release|x64.Build.0 = Release|x64
		{48C6E364-0726-3438-9C8F-9CD5EC5DB436}.RelWithDebInfo|x64.ActiveCfg = RelWithDebInfo|x64
		{48C6E364-0726-3438-9C8F-9CD5EC5DB436}.RelWithDebInfo|x64.Build.0 = RelWithDebInfo|x64
		{48C6E364-0726-3438-9C8F-9CD5EC5DB436}.RtssDebug|x64.ActiveCfg = Debug|x64
		{48C6E364-0726-3438-9C8F-9CD5EC5DB436}.RtssDebug|x64.Build.0 = Debug|x64
		{48C6E364-0726-3438-9C8F-9CD5EC5DB436}.RtssRelease|x64.ActiveCfg = Release|x64
		{48C6E364-0726-3438-9C8F-9CD5EC5DB436}.RtssRelease|x64.Build.0 = Release|x64
		{D0813E9B-0A96-3291-9476-5FF78AA00313}.Debug|x64.ActiveCfg = Debug|x64
		{D0813E9B-0A96-3291-9476-5FF78AA00313}.Debug|x64.Build.0 = Debug|x64
		{D0813E9B-0A96-3291-9476-5FF78AA00313}.MinSizeRel|x64.ActiveCfg = MinSizeRel|x64
		{D0813E9B-0A96-3291-9476-5FF78AA00313}.MinSizeRel|x64.Build.0 = MinSizeRel|x64
		{D0813E9B-0A96-3291-9476-5FF78AA00313}.Release|x64.ActiveCfg = Release|x64
		{D0813E9B-0A96-3291-9476-5FF78AA00313}.Release|x64.Build.0 = Release|x64
		{D0813E9B-0A96-3291-9476-5FF78AA00313}.RelWithDebInfo|x64.ActiveCfg = RelWithDebInfo|x64
		{D0813E9B-0A96-3291-9476-5FF78AA00313}.RelWithDebInfo|x64.Build.0 = RelWithDebInfo|x64
		{D0813E9B-0A96-3291-9476-5FF78AA00313}.RtssDebug|x64.ActiveCfg = Debug|x64
		{D0813E9B-0A96-3291-9476-5FF78AA00313}.RtssDebug|x64.Build.0 = Debug|x64
		{D0813E9B-0A96-3291-9476-5FF78AA00313}.RtssRelease|x64.ActiveCfg = Release|x64
		{D0813E9B-0A96-3291-9476-5FF78AA00313}.RtssRelease|x64.Build.0 = Release|x64
		{E0B19889-11F2-4020-9BD2-334CD98E7810}.Debug|x64.ActiveCfg = Debug|x64
		{E0B19889-11F2-4020-9BD2-334CD98E7810}.Debug|x64.Build.0 = Debug|x64
		{E0B19889-11F2-4020-9BD2-334CD98E7810}.MinSizeRel|x64.ActiveCfg = Release|x64
		{E0B19889-11F2-4020-9BD2-334CD98E7810}.MinSizeRel|x64.Build.0 = Release|x64
		{E0B19889-11F2-4020-9BD2-334CD98E7810}.Release|x64.ActiveCfg = Release|x64
		{E0B19889-11F2-4020-9BD2-334CD98E7810}.Release|x64.Build.0 = Release|x64
		{E0B19889-11F2-4020-9BD2-334CD98E7810}.RelWithDebInfo|x64.ActiveCfg = Release|x64
		{E0B19889-11F2-4020-9BD2-334CD98E7810}.RelWithDebInfo|x64.Build.0 = Release|x64
		{E0B19889-11F2-4020-9BD2-334CD98E7810}.RtssDebug|x64.ActiveCfg = RtssDebug|x64
		{E0B19889-11F2-4020-9BD2-334CD98E7810}.RtssDebug|x64.Build.0 = RtssDebug|x64
		{E0B19889-11F2-4020-9BD2-334CD98E7810}.RtssRelease|x64.ActiveCfg = RtssRelease|x64
		{E0B19889-11F2-4020-9BD2-334CD98E7810}.RtssRelease|x64.Build.0 = RtssRelease|x64
	EndGlobalSection
	GlobalSection(SolutionProperties) = preSolution
		HideSolutionNode = FALSE
	EndGlobalSection
	GlobalSection(ExtensibilityGlobals) = postSolution
		SolutionGuid = {D86677A5-C866-3657-B8B3-182173AFBC2B}
	EndGlobalSection
EndGlobal
